{
  "name": "blessed-contrib",
  "version": "4.8.8",
  "lockfileVersion": 1,
  "requires": true,
  "dependencies": {
    "@types/blessed": {
      "version": "0.1.10",
      "resolved": "https://registry.npmjs.org/@types/blessed/-/blessed-0.1.10.tgz",
      "integrity": "sha512-lCpkGnCq2lj9RBPwh/RH/ZJegYV6JdyyRHmURIW1DwMdtNhRRxYeHllqaMu8K6bDf6zhO7PpHsmEqlYMDPlmhw==",
      "dev": true,
      "requires": {
        "@types/events": "*",
        "@types/node": "*"
      }
    },
    "@types/events": {
      "version": "1.2.0",
      "resolved": "https://registry.npmjs.org/@types/events/-/events-1.2.0.tgz",
      "integrity": "sha512-KEIlhXnIutzKwRbQkGWb/I4HFqBuUykAdHgDED6xqwXJfONCjF5VoE0cXEiurh3XauygxzeDzgtXUqvLkxFzzA==",
      "dev": true
    },
    "@types/node": {
      "version": "10.9.4",
      "resolved": "https://registry.npmjs.org/@types/node/-/node-10.9.4.tgz",
      "integrity": "sha512-fCHV45gS+m3hH17zgkgADUSi2RR1Vht6wOZ0jyHP8rjiQra9f+mIcgwPQHllmDocYOstIEbKlxbFDYlgrTPYqw==",
      "dev": true
    },
    "abbrev": {
      "version": "1.1.1",
      "resolved": "https://registry.npmjs.org/abbrev/-/abbrev-1.1.1.tgz",
      "integrity": "sha512-nne9/IiQ/hzIhY6pdDnbBtz7DjPTKrY00P/zvPSm5pOFkl6xuGrGnXn/VtTNNfNtAfZ9/1RtehkszU9qcTii0Q=="
    },
    "ansi-regex": {
      "version": "2.1.1",
      "resolved": "https://registry.npmjs.org/ansi-regex/-/ansi-regex-2.1.1.tgz",
      "integrity": "sha1-w7M6te42DYbg5ijwRorn7yfWVN8="
    },
    "ansi-styles": {
      "version": "2.2.1",
      "resolved": "https://registry.npmjs.org/ansi-styles/-/ansi-styles-2.2.1.tgz",
      "integrity": "sha1-tDLdM1i2NM914eRmQ2gkBTPB3b4="
    },
    "ansi-term": {
      "version": "0.0.2",
      "resolved": "https://registry.npmjs.org/ansi-term/-/ansi-term-0.0.2.tgz",
      "integrity": "sha1-/XU++kvq2g6smZgbxSo/b/AZ3rc=",
      "requires": {
        "x256": ">=0.0.1"
      }
    },
    "ansicolors": {
      "version": "0.2.1",
      "resolved": "https://registry.npmjs.org/ansicolors/-/ansicolors-0.2.1.tgz",
      "integrity": "sha1-vgiVmQl7dKXJxKhKDNvNtivYeu8="
    },
    "blessed": {
      "version": "0.1.54",
      "resolved": "https://registry.npmjs.org/blessed/-/blessed-0.1.54.tgz",
      "integrity": "sha1-+BvaAqIH0/svpzNYSWs3w22KmzE=",
      "dev": true
    },
    "bresenham": {
      "version": "0.0.3",
      "resolved": "https://registry.npmjs.org/bresenham/-/bresenham-0.0.3.tgz",
      "integrity": "sha1-q9q55bGU4nx1fNMU2ERDFPKZh3o="
    },
    "buffers": {
      "version": "0.1.1",
      "resolved": "https://registry.npmjs.org/buffers/-/buffers-0.1.1.tgz",
      "integrity": "sha1-skV5w77U1tOWru5tmorn9Ugqt7s="
    },
    "cardinal": {
      "version": "1.0.0",
      "resolved": "https://registry.npmjs.org/cardinal/-/cardinal-1.0.0.tgz",
      "integrity": "sha1-UOIcGwqjdyn5N33vGWtanOyTLuk=",
      "requires": {
        "ansicolors": "~0.2.1",
        "redeyed": "~1.0.0"
      }
    },
    "chalk": {
      "version": "1.1.3",
      "resolved": "http://registry.npmjs.org/chalk/-/chalk-1.1.3.tgz",
      "integrity": "sha1-qBFcVeSnAv5NFQq9OHKCKn4J/Jg=",
      "requires": {
        "ansi-styles": "^2.2.1",
        "escape-string-regexp": "^1.0.2",
        "has-ansi": "^2.0.0",
        "strip-ansi": "^3.0.0",
        "supports-color": "^2.0.0"
      }
    },
    "charm": {
      "version": "0.1.2",
      "resolved": "https://registry.npmjs.org/charm/-/charm-0.1.2.tgz",
      "integrity": "sha1-BsIe7RobBq62dVPNxT4jJ0usIpY="
    },
    "cli-table": {
      "version": "0.3.1",
      "resolved": "https://registry.npmjs.org/cli-table/-/cli-table-0.3.1.tgz",
      "integrity": "sha1-9TsFJmqLGguTSz0IIebi3FkUriM=",
      "requires": {
        "colors": "1.0.3"
      },
      "dependencies": {
        "colors": {
          "version": "1.0.3",
          "resolved": "https://registry.npmjs.org/colors/-/colors-1.0.3.tgz",
          "integrity": "sha1-BDP0TYCWgP3rYO0mDxsMJi6CpAs="
        }
      }
    },
    "colors": {
      "version": "1.3.2",
      "resolved": "https://registry.npmjs.org/colors/-/colors-1.3.2.tgz",
      "integrity": "sha512-rhP0JSBGYvpcNQj4s5AdShMeE5ahMop96cTeDl/v9qQQm2fYClE2QXZRi8wLzc+GmXSxdIqqbOIAhyObEXDbfQ==",
      "dev": true
    },
    "core-util-is": {
      "version": "1.0.2",
      "resolved": "https://registry.npmjs.org/core-util-is/-/core-util-is-1.0.2.tgz",
      "integrity": "sha1-tf1UIgqivFq1eqtxQMlAdUUDwac="
    },
    "drawille-blessed-contrib": {
      "version": "1.0.0",
      "resolved": "https://registry.npmjs.org/drawille-blessed-contrib/-/drawille-blessed-contrib-1.0.0.tgz",
      "integrity": "sha1-FcJ5NPV6AFatE1luFWFje8lB8Lc="
    },
    "drawille-canvas-blessed-contrib": {
      "version": "0.1.3",
      "resolved": "https://registry.npmjs.org/drawille-canvas-blessed-contrib/-/drawille-canvas-blessed-contrib-0.1.3.tgz",
      "integrity": "sha1-IS8HinIr/S7MJn6oarbd3BCB/Ug=",
      "requires": {
        "ansi-term": ">=0.0.2",
        "bresenham": "0.0.3",
        "drawille-blessed-contrib": ">=0.0.1",
        "gl-matrix": "^2.1.0",
        "x256": ">=0.0.1"
      }
    },
    "escape-string-regexp": {
      "version": "1.0.5",
      "resolved": "https://registry.npmjs.org/escape-string-regexp/-/escape-string-regexp-1.0.5.tgz",
      "integrity": "sha1-G2HAViGQqN/2rjuyzwIAyhMLhtQ="
    },
    "esprima": {
      "version": "3.0.0",
      "resolved": "https://registry.npmjs.org/esprima/-/esprima-3.0.0.tgz",
      "integrity": "sha1-U88kes2ncxPlUcOqLnM0LT+099k="
    },
    "event-stream": {
      "version": "0.9.8",
      "resolved": "http://registry.npmjs.org/event-stream/-/event-stream-0.9.8.tgz",
      "integrity": "sha1-XanPPHkAl1mJ21powo5bPJjr4Do=",
      "requires": {
        "optimist": "0.2"
      },
      "dependencies": {
        "optimist": {
          "version": "0.2.8",
          "resolved": "https://registry.npmjs.org/optimist/-/optimist-0.2.8.tgz",
          "integrity": "sha1-6YGrfiaLRXlIWTtVZ0wJmoFcrDE=",
          "requires": {
            "wordwrap": ">=0.0.1 <0.1.0"
          }
        }
      }
    },
    "gl-matrix": {
      "version": "2.8.1",
      "resolved": "https://registry.npmjs.org/gl-matrix/-/gl-matrix-2.8.1.tgz",
      "integrity": "sha512-0YCjVpE3pS5XWlN3J4X7AiAx65+nqAI54LndtVFnQZB6G/FVLkZH8y8V6R3cIoOQR4pUdfwQGd1iwyoXHJ4Qfw=="
    },
    "has-ansi": {
      "version": "2.0.0",
      "resolved": "https://registry.npmjs.org/has-ansi/-/has-ansi-2.0.0.tgz",
      "integrity": "sha1-NPUEnOHs3ysGSa8+8k5F7TVBbZE=",
      "requires": {
        "ansi-regex": "^2.0.0"
      }
    },
    "here": {
      "version": "0.0.2",
      "resolved": "https://registry.npmjs.org/here/-/here-0.0.2.tgz",
      "integrity": "sha1-acGvPwISHz2HiOAuhNyLOQXXEZU="
    },
    "inherits": {
      "version": "2.0.3",
      "resolved": "https://registry.npmjs.org/inherits/-/inherits-2.0.3.tgz",
      "integrity": "sha1-Yzwsg+PaQqUC9SRmAiSA9CCCYd4="
    },
    "isarray": {
      "version": "0.0.1",
      "resolved": "https://registry.npmjs.org/isarray/-/isarray-0.0.1.tgz",
      "integrity": "sha1-ihis/Kmo9Bd+Cav8YDiTmwXR7t8="
    },
    "lodash": {
      "version": "4.17.10",
      "resolved": "https://registry.npmjs.org/lodash/-/lodash-4.17.10.tgz",
      "integrity": "sha512-UejweD1pDoXu+AD825lWwp4ZGtSwgnpZxb3JDViD7StjQz+Nb/6l093lx4OQ0foGWNRoc19mWy7BzL+UAK2iVg=="
    },
    "lodash.assign": {
      "version": "4.2.0",
      "resolved": "https://registry.npmjs.org/lodash.assign/-/lodash.assign-4.2.0.tgz",
      "integrity": "sha1-DZnzzNem0mHRm9rrkkUAXShYCOc="
    },
    "lodash.toarray": {
      "version": "4.4.0",
      "resolved": "https://registry.npmjs.org/lodash.toarray/-/lodash.toarray-4.4.0.tgz",
      "integrity": "sha1-JMS/zWsvuji/0FlNsRedjptlZWE="
    },
    "map-canvas": {
      "version": "0.1.5",
      "resolved": "https://registry.npmjs.org/map-canvas/-/map-canvas-0.1.5.tgz",
      "integrity": "sha1-i+a63gvz6fmotW6INqHR0TPKsYY=",
      "requires": {
        "drawille-canvas-blessed-contrib": ">=0.0.1",
        "xml2js": "^0.4.5"
      }
    },
    "marked": {
      "version": "0.4.0",
      "resolved": "https://registry.npmjs.org/marked/-/marked-0.4.0.tgz",
      "integrity": "sha512-tMsdNBgOsrUophCAFQl0XPe6Zqk/uy9gnue+jIIKhykO51hxyu6uNx7zBPy0+y/WKYVZZMspV9YeXLNdKk+iYw=="
    },
    "marked-terminal": {
      "version": "1.7.0",
      "resolved": "https://registry.npmjs.org/marked-terminal/-/marked-terminal-1.7.0.tgz",
      "integrity": "sha1-yMRgiBx3LHYEtkNnAH7l938SWQQ=",
      "requires": {
        "cardinal": "^1.0.0",
        "chalk": "^1.1.3",
        "cli-table": "^0.3.1",
        "lodash.assign": "^4.2.0",
        "node-emoji": "^1.4.1"
      }
    },
    "memory-streams": {
      "version": "0.1.3",
      "resolved": "https://registry.npmjs.org/memory-streams/-/memory-streams-0.1.3.tgz",
      "integrity": "sha512-qVQ/CjkMyMInPaaRMrwWNDvf6boRZXaT/DbQeMYcCWuXPEBf1v8qChOc9OlEVQp2uOvRXa1Qu30fLmKhY6NipA==",
      "requires": {
        "readable-stream": "~1.0.2"
      }
    },
    "memorystream": {
      "version": "0.3.1",
      "resolved": "https://registry.npmjs.org/memorystream/-/memorystream-0.3.1.tgz",
      "integrity": "sha1-htcJCzDORV1j+64S3aUaR93K+bI="
    },
    "node-emoji": {
      "version": "1.8.1",
      "resolved": "https://registry.npmjs.org/node-emoji/-/node-emoji-1.8.1.tgz",
      "integrity": "sha512-+ktMAh1Jwas+TnGodfCfjUbJKoANqPaJFN0z0iqh41eqD8dvguNzcitVSBSVK1pidz0AqGbLKcoVuVLRVZ/aVg==",
      "requires": {
        "lodash.toarray": "^4.4.0"
      }
    },
    "nopt": {
      "version": "2.1.2",
      "resolved": "https://registry.npmjs.org/nopt/-/nopt-2.1.2.tgz",
      "integrity": "sha1-bMzZd7gBMqB3MdbozljCyDA8+a8=",
      "requires": {
        "abbrev": "1"
      }
    },
    "optimist": {
      "version": "0.3.7",
      "resolved": "https://registry.npmjs.org/optimist/-/optimist-0.3.7.tgz",
      "integrity": "sha1-yQlBrVnkJzMokjB00s8ufLxuwNk=",
      "requires": {
        "wordwrap": "~0.0.2"
      }
    },
    "picture-tube": {
      "version": "1.0.0",
      "resolved": "https://registry.npmjs.org/picture-tube/-/picture-tube-1.0.0.tgz",
      "integrity": "sha1-OhjazoyiBuO03JHsg8mC6Eba0UE=",
      "requires": {
        "buffers": "~0.1.1",
        "charm": "~0.1.0",
        "event-stream": "~0.9.8",
        "optimist": "~0.3.4",
        "png-js": "~0.1.0",
        "request": "~2.9.202",
        "x256": "~0.0.1"
      },
      "dependencies": {
        "request": {
          "version": "2.9.203",
          "resolved": "http://registry.npmjs.org/request/-/request-2.9.203.tgz",
          "integrity": "sha1-bBcRpUB/uUoRQhlWPkQUW8v0cjo="
        }
      }
    },
    "png-js": {
      "version": "0.1.1",
      "resolved": "https://registry.npmjs.org/png-js/-/png-js-0.1.1.tgz",
      "integrity": "sha1-HMfCEjA6yr50Jj7DrHgAlYAkLZM="
    },
    "readable-stream": {
      "version": "1.0.34",
      "resolved": "https://registry.npmjs.org/readable-stream/-/readable-stream-1.0.34.tgz",
      "integrity": "sha1-Elgg40vIQtLyqq+v5MKRbuMsFXw=",
      "requires": {
        "core-util-is": "~1.0.0",
        "inherits": "~2.0.1",
        "isarray": "0.0.1",
        "string_decoder": "~0.10.x"
      }
    },
    "redeyed": {
      "version": "1.0.1",
      "resolved": "https://registry.npmjs.org/redeyed/-/redeyed-1.0.1.tgz",
      "integrity": "sha1-6WwZO0DAgWsArshCaY5hGF5VSYo=",
      "requires": {
        "esprima": "~3.0.0"
      }
    },
    "sax": {
      "version": "1.2.4",
      "resolved": "https://registry.npmjs.org/sax/-/sax-1.2.4.tgz",
      "integrity": "sha512-NqVDv9TpANUjFm0N8uM5GxL36UgKi9/atZw+x7YFnQ8ckwFGKrl4xX4yWtrey3UJm5nP1kUbnYgLopqWNSRhWw=="
    },
    "sparkline": {
      "version": "0.1.2",
      "resolved": "https://registry.npmjs.org/sparkline/-/sparkline-0.1.2.tgz",
      "integrity": "sha1-w73kYlKxNU5xDEsgDVSBa9nwejI=",
      "requires": {
        "here": "0.0.2",
        "nopt": "~2.1.2"
      }
    },
    "string_decoder": {
      "version": "0.10.31",
      "resolved": "https://registry.npmjs.org/string_decoder/-/string_decoder-0.10.31.tgz",
      "integrity": "sha1-YuIDvEF2bGwoyfyEMB2rHFMQ+pQ="
    },
    "strip-ansi": {
      "version": "3.0.1",
      "resolved": "https://registry.npmjs.org/strip-ansi/-/strip-ansi-3.0.1.tgz",
      "integrity": "sha1-ajhfuIU9lS1f8F0Oiq+UJ43GPc8=",
      "requires": {
        "ansi-regex": "^2.0.0"
      }
    },
    "supports-color": {
      "version": "2.0.0",
      "resolved": "https://registry.npmjs.org/supports-color/-/supports-color-2.0.0.tgz",
      "integrity": "sha1-U10EXOa2Nj+kARcIRimZXp3zJMc="
    },
    "term-canvas": {
      "version": "0.0.5",
      "resolved": "https://registry.npmjs.org/term-canvas/-/term-canvas-0.0.5.tgz",
      "integrity": "sha1-WXr6wvpjaabxeGC86cX2bW6gypY="
    },
    "wordwrap": {
      "version": "0.0.3",
      "resolved": "https://registry.npmjs.org/wordwrap/-/wordwrap-0.0.3.tgz",
      "integrity": "sha1-o9XabNXAvAAI03I0u68b7WMFkQc="
    },
    "x256": {
      "version": "0.0.2",
      "resolved": "https://registry.npmjs.org/x256/-/x256-0.0.2.tgz",
      "integrity": "sha1-ya8Yh296F1gB1WT+cK2egxd4STQ="
    },
    "xml2js": {
      "version": "0.4.19",
      "resolved": "https://registry.npmjs.org/xml2js/-/xml2js-0.4.19.tgz",
      "integrity": "sha512-esZnJZJOiJR9wWKMyuvSE1y6Dq5LCuJanqhxslH2bxM6duahNZ+HMpCLhBQGZkbX6xRf8x1Y2eJlgt2q3qo49Q==",
      "requires": {
        "sax": ">=0.6.0",
        "xmlbuilder": "~9.0.1"
      }
    },
    "xmlbuilder": {
      "version": "9.0.7",
      "resolved": "https://registry.npmjs.org/xmlbuilder/-/xmlbuilder-9.0.7.tgz",
      "integrity": "sha1-Ey7mPS7FVlxVfiD0wi35rKaGsQ0="
    }
  }
}
